{
  "name": "avatar-maker",
  "version": "1.0.0",
  "lockfileVersion": 1,
  "requires": true,
  "dependencies": {
    "htmlshot": {
      "version": "1.0.1",
      "resolved": "https://registry.npmjs.org/htmlshot/-/htmlshot-1.0.1.tgz",
      "integrity": "sha1-329WtMEwvDvi8SOElJOa3Rl2cSM="
    }
  }
}
